
Microsoft Visual Studio Solution File, Format Version 12.00
# Visual Studio Version 17
VisualStudioVersion = 17.2.32516.85
MinimumVisualStudioVersion = 10.0.40219.1
Project("{FAE04EC0-301F-11D3-BF4B-00C04F79EFBC}") = "Xizhang.Modules.Helloworld.Actions", "Xizhang.Modules.Helloworld.Actions.csproj", "{D77B495C-7024-452B-A7F2-2361FB4153AA}"
EndProject
Global
	GlobalSection(SolutionConfigurationPlatforms) = preSolution
		Debug|Any CPU = Debug|Any CPU
		Release|Any CPU = Release|Any CPU
	EndGlobalSection
	GlobalSection(ProjectConfigurationPlatforms) = postSolution
		{D77B495C-7024-452B-A7F2-2361FB4153AA}.Debug|Any CPU.ActiveCfg = Debug|Any CPU
		{D77B495C-7024-452B-A7F2-2361FB4153AA}.Debug|Any CPU.Build.0 = Debug|Any CPU
		{D77B495C-7024-452B-A7F2-2361FB4153AA}.Release|Any CPU.ActiveCfg = Release|Any CPU
		{D77B495C-7024-452B-A7F2-2361FB4153AA}.Release|Any CPU.Build.0 = Release|Any CPU
	EndGlobalSection
	GlobalSection(SolutionProperties) = preSolution
		HideSolutionNode = FALSE
	EndGlobalSection
	GlobalSection(ExtensibilityGlobals) = postSolution
		SolutionGuid = {F0B9F3F5-0968-441F-98BC-2D2930F8CE44}
	EndGlobalSection
EndGlobal
